// !$*UTF8*$!
{
	archiveVersion = 1;
	classes = {
	};
	objectVersion = 46;
	objects = {

/* Begin PBXBuildFile section */
		9A6D98841CD7BBB700A096EF /* RangeSlider.swift in Sources */ = {isa = PBXBuildFile; fileRef = 9A6D98831CD7BBB700A096EF /* RangeSlider.swift */; };
		9A6D98861CD7C16500A096EF /* RangeSliderThumbLayer.swift in Sources */ = {isa = PBXBuildFile; fileRef = 9A6D98851CD7C16500A096EF /* RangeSliderThumbLayer.swift */; };
		9A6D98881CD7C78400A096EF /* RangeSliderTrackLayer.swift in Sources */ = {isa = PBXBuildFile; fileRef = 9A6D98871CD7C78400A096EF /* RangeSliderTrackLayer.swift */; };
		9AC01BBE1CADA4CD00D787CE /* AppDelegate.swift in Sources */ = {isa = PBXBuildFile; fileRef = 9AC01BBD1CADA4CD00D787CE /* AppDelegate.swift */; };
		9AC01BC01CADA4CD00D787CE /* PaceGuideViewController.swift in Sources */ = {isa = PBXBuildFile; fileRef = 9AC01BBF1CADA4CD00D787CE /* PaceGuideViewController.swift */; };
		9AC01BC31CADA4CD00D787CE /* Main.storyboard in Resources */ = {isa = PBXBuildFile; fileRef = 9AC01BC11CADA4CD00D787CE /* Main.storyboard */; };
		9AC01BC51CADA4CD00D787CE /* Assets.xcassets in Resources */ = {isa = PBXBuildFile; fileRef = 9AC01BC41CADA4CD00D787CE /* Assets.xcassets */; };
		9AC01BC81CADA4CD00D787CE /* LaunchScreen.storyboard in Resources */ = {isa = PBXBuildFile; fileRef = 9AC01BC61CADA4CD00D787CE /* LaunchScreen.storyboard */; };
		9AC01BD01CADA5D900D787CE /* Rower.swift in Sources */ = {isa = PBXBuildFile; fileRef = 9AC01BCF1CADA5D900D787CE /* Rower.swift */; };
		9AC01BD21CADAA9C00D787CE /* PaceGuideModel.swift in Sources */ = {isa = PBXBuildFile; fileRef = 9AC01BD11CADAA9C00D787CE /* PaceGuideModel.swift */; };
		9AFA089A1CDBB05900CF1E98 /* RowerTableViewCell.swift in Sources */ = {isa = PBXBuildFile; fileRef = 9AFA08991CDBB05900CF1E98 /* RowerTableViewCell.swift */; };
		9AFA089F1CDBB50C00CF1E98 /* RowerTableViewController.swift in Sources */ = {isa = PBXBuildFile; fileRef = 9AFA089D1CDBB50C00CF1E98 /* RowerTableViewController.swift */; };
		9AFA08A01CDBB50C00CF1E98 /* RowerTableViewController.xib in Resources */ = {isa = PBXBuildFile; fileRef = 9AFA089E1CDBB50C00CF1E98 /* RowerTableViewController.xib */; };
		9AFA08A21CDD6B9D00CF1E98 /* PageViewController.swift in Sources */ = {isa = PBXBuildFile; fileRef = 9AFA08A11CDD6B9D00CF1E98 /* PageViewController.swift */; };
/* End PBXBuildFile section */

/* Begin PBXFileReference section */
		9A6D98831CD7BBB700A096EF /* RangeSlider.swift */ = {isa = PBXFileReference; fileEncoding = 4; lastKnownFileType = sourcecode.swift; path = RangeSlider.swift; sourceTree = "<group>"; };
		9A6D98851CD7C16500A096EF /* RangeSliderThumbLayer.swift */ = {isa = PBXFileReference; fileEncoding = 4; lastKnownFileType = sourcecode.swift; path = RangeSliderThumbLayer.swift; sourceTree = "<group>"; };
		9A6D98871CD7C78400A096EF /* RangeSliderTrackLayer.swift */ = {isa = PBXFileReference; fileEncoding = 4; lastKnownFileType = sourcecode.swift; path = RangeSliderTrackLayer.swift; sourceTree = "<group>"; };
		9AC01BBA1CADA4CD00D787CE /* PaceGuide.app */ = {isa = PBXFileReference; explicitFileType = wrapper.application; includeInIndex = 0; path = PaceGuide.app; sourceTree = BUILT_PRODUCTS_DIR; };
		9AC01BBD1CADA4CD00D787CE /* AppDelegate.swift */ = {isa = PBXFileReference; lastKnownFileType = sourcecode.swift; path = AppDelegate.swift; sourceTree = "<group>"; };
		9AC01BBF1CADA4CD00D787CE /* PaceGuideViewController.swift */ = {isa = PBXFileReference; lastKnownFileType = sourcecode.swift; path = PaceGuideViewController.swift; sourceTree = "<group>"; };
		9AC01BC21CADA4CD00D787CE /* Base */ = {isa = PBXFileReference; lastKnownFileType = file.storyboard; name = Base; path = Base.lproj/Main.storyboard; sourceTree = "<group>"; };
		9AC01BC41CADA4CD00D787CE /* Assets.xcassets */ = {isa = PBXFileReference; lastKnownFileType = folder.assetcatalog; path = Assets.xcassets; sourceTree = "<group>"; };
		9AC01BC71CADA4CD00D787CE /* Base */ = {isa = PBXFileReference; lastKnownFileType = file.storyboard; name = Base; path = Base.lproj/LaunchScreen.storyboard; sourceTree = "<group>"; };
		9AC01BC91CADA4CD00D787CE /* Info.plist */ = {isa = PBXFileReference; lastKnownFileType = text.plist.xml; path = Info.plist; sourceTree = "<group>"; };
		9AC01BCF1CADA5D900D787CE /* Rower.swift */ = {isa = PBXFileReference; fileEncoding = 4; lastKnownFileType = sourcecode.swift; path = Rower.swift; sourceTree = "<group>"; };
		9AC01BD11CADAA9C00D787CE /* PaceGuideModel.swift */ = {isa = PBXFileReference; fileEncoding = 4; lastKnownFileType = sourcecode.swift; path = PaceGuideModel.swift; sourceTree = "<group>"; };
		9AFA08991CDBB05900CF1E98 /* RowerTableViewCell.swift */ = {isa = PBXFileReference; fileEncoding = 4; lastKnownFileType = sourcecode.swift; path = RowerTableViewCell.swift; sourceTree = "<group>"; };
		9AFA089D1CDBB50C00CF1E98 /* RowerTableViewController.swift */ = {isa = PBXFileReference; fileEncoding = 4; lastKnownFileType = sourcecode.swift; path = RowerTableViewController.swift; sourceTree = "<group>"; };
		9AFA089E1CDBB50C00CF1E98 /* RowerTableViewController.xib */ = {isa = PBXFileReference; fileEncoding = 4; lastKnownFileType = file.xib; path = RowerTableViewController.xib; sourceTree = "<group>"; };
		9AFA08A11CDD6B9D00CF1E98 /* PageViewController.swift */ = {isa = PBXFileReference; fileEncoding = 4; lastKnownFileType = sourcecode.swift; path = PageViewController.swift; sourceTree = "<group>"; };
/* End PBXFileReference section */

/* Begin PBXFrameworksBuildPhase section */
		9AC01BB71CADA4CD00D787CE /* Frameworks */ = {
			isa = PBXFrameworksBuildPhase;
			buildActionMask = 2147483647;
			files = (
			);
			runOnlyForDeploymentPostprocessing = 0;
		};
/* End PBXFrameworksBuildPhase section */

/* Begin PBXGroup section */
		9AC01BB11CADA4CD00D787CE = {
			isa = PBXGroup;
			children = (
				9AFA089D1CDBB50C00CF1E98 /* RowerTableViewController.swift */,
				9AFA089E1CDBB50C00CF1E98 /* RowerTableViewController.xib */,
				9AC01BD11CADAA9C00D787CE /* PaceGuideModel.swift */,
				9AC01BCF1CADA5D900D787CE /* Rower.swift */,
				9AC01BBC1CADA4CD00D787CE /* PaceGuide */,
				9AC01BBB1CADA4CD00D787CE /* Products */,
			);
			sourceTree = "<group>";
		};
		9AC01BBB1CADA4CD00D787CE /* Products */ = {
			isa = PBXGroup;
			children = (
				9AC01BBA1CADA4CD00D787CE /* PaceGuide.app */,
			);
			name = Products;
			sourceTree = "<group>";
		};
		9AC01BBC1CADA4CD00D787CE /* PaceGuide */ = {
			isa = PBXGroup;
			children = (
				9AC01BBD1CADA4CD00D787CE /* AppDelegate.swift */,
				9AC01BBF1CADA4CD00D787CE /* PaceGuideViewController.swift */,
				9AC01BC11CADA4CD00D787CE /* Main.storyboard */,
				9AFA08A11CDD6B9D00CF1E98 /* PageViewController.swift */,
				9AFA08991CDBB05900CF1E98 /* RowerTableViewCell.swift */,
				9AC01BC41CADA4CD00D787CE /* Assets.xcassets */,
				9AC01BC61CADA4CD00D787CE /* LaunchScreen.storyboard */,
				9AC01BC91CADA4CD00D787CE /* Info.plist */,
				9A6D98831CD7BBB700A096EF /* RangeSlider.swift */,
				9A6D98851CD7C16500A096EF /* RangeSliderThumbLayer.swift */,
				9A6D98871CD7C78400A096EF /* RangeSliderTrackLayer.swift */,
			);
			path = PaceGuide;
			sourceTree = "<group>";
		};
/* End PBXGroup section */

/* Begin PBXNativeTarget section */
		9AC01BB91CADA4CD00D787CE /* PaceGuide */ = {
			isa = PBXNativeTarget;
			buildConfigurationList = 9AC01BCC1CADA4CD00D787CE /* Build configuration list for PBXNativeTarget "PaceGuide" */;
			buildPhases = (
				9AC01BB61CADA4CD00D787CE /* Sources */,
				9AC01BB71CADA4CD00D787CE /* Frameworks */,
				9AC01BB81CADA4CD00D787CE /* Resources */,
			);
			buildRules = (
			);
			dependencies = (
			);
			name = PaceGuide;
			productName = PaceGuide;
			productReference = 9AC01BBA1CADA4CD00D787CE /* PaceGuide.app */;
			productType = "com.apple.product-type.application";
		};
/* End PBXNativeTarget section */

/* Begin PBXProject section */
		9AC01BB21CADA4CD00D787CE /* Project object */ = {
			isa = PBXProject;
			attributes = {
				LastSwiftUpdateCheck = 0730;
				LastUpgradeCheck = 0730;
				ORGANIZATIONNAME = "Karina Bercan";
				TargetAttributes = {
					9AC01BB91CADA4CD00D787CE = {
						CreatedOnToolsVersion = 7.3;
					};
				};
			};
			buildConfigurationList = 9AC01BB51CADA4CD00D787CE /* Build configuration list for PBXProject "PaceGuide" */;
			compatibilityVersion = "Xcode 3.2";
			developmentRegion = English;
			hasScannedForEncodings = 0;
			knownRegions = (
				en,
				Base,
			);
			mainGroup = 9AC01BB11CADA4CD00D787CE;
			productRefGroup = 9AC01BBB1CADA4CD00D787CE /* Products */;
			projectDirPath = "";
			projectRoot = "";
			targets = (
				9AC01BB91CADA4CD00D787CE /* PaceGuide */,
			);
		};
/* End PBXProject section */

/* Begin PBXResourcesBuildPhase section */
		9AC01BB81CADA4CD00D787CE /* Resources */ = {
			isa = PBXResourcesBuildPhase;
			buildActionMask = 2147483647;
			files = (
				9AC01BC81CADA4CD00D787CE /* LaunchScreen.storyboard in Resources */,
				9AC01BC51CADA4CD00D787CE /* Assets.xcassets in Resources */,
				9AC01BC31CADA4CD00D787CE /* Main.storyboard in Resources */,
				9AFA08A01CDBB50C00CF1E98 /* RowerTableViewController.xib in Resources */,
			);
			runOnlyForDeploymentPostprocessing = 0;
		};
/* End PBXResourcesBuildPhase section */

/* Begin PBXSourcesBuildPhase section */
		9AC01BB61CADA4CD00D787CE /* Sources */ = {
			isa = PBXSourcesBuildPhase;
			buildActionMask = 2147483647;
			files = (
				9AC01BC01CADA4CD00D787CE /* PaceGuideViewController.swift in Sources */,
				9A6D98841CD7BBB700A096EF /* RangeSlider.swift in Sources */,
				9A6D98881CD7C78400A096EF /* RangeSliderTrackLayer.swift in Sources */,
				9AFA089F1CDBB50C00CF1E98 /* RowerTableViewController.swift in Sources */,
				9AC01BBE1CADA4CD00D787CE /* AppDelegate.swift in Sources */,
				9AC01BD01CADA5D900D787CE /* Rower.swift in Sources */,
				9AFA089A1CDBB05900CF1E98 /* RowerTableViewCell.swift in Sources */,
				9AFA08A21CDD6B9D00CF1E98 /* PageViewController.swift in Sources */,
				9AC01BD21CADAA9C00D787CE /* PaceGuideModel.swift in Sources */,
				9A6D98861CD7C16500A096EF /* RangeSliderThumbLayer.swift in Sources */,
			);
			runOnlyForDeploymentPostprocessing = 0;
		};
/* End PBXSourcesBuildPhase section */

/* Begin PBXVariantGroup section */
		9AC01BC11CADA4CD00D787CE /* Main.storyboard */ = {
			isa = PBXVariantGroup;
			children = (
				9AC01BC21CADA4CD00D787CE /* Base */,
			);
			name = Main.storyboard;
			sourceTree = "<group>";
		};
		9AC01BC61CADA4CD00D787CE /* LaunchScreen.storyboard */ = {
			isa = PBXVariantGroup;
			children = (
				9AC01BC71CADA4CD00D787CE /* Base */,
			);
			name = LaunchScreen.storyboard;
			sourceTree = "<group>";
		};
/* End PBXVariantGroup section */

/* Begin XCBuildConfiguration section */
		9AC01BCA1CADA4CD00D787CE /* Debug */ = {
			isa = XCBuildConfiguration;
			buildSettings = {
				ALWAYS_SEARCH_USER_PATHS = NO;
				CLANG_ANALYZER_NONNULL = YES;
				CLANG_CXX_LANGUAGE_STANDARD = "gnu++0x";
				CLANG_CXX_LIBRARY = "libc++";
				CLANG_ENABLE_MODULES = YES;
				CLANG_ENABLE_OBJC_ARC = YES;
				CLANG_WARN_BOOL_CONVERSION = YES;
				CLANG_WARN_CONSTANT_CONVERSION = YES;
				CLANG_WARN_DIRECT_OBJC_ISA_USAGE = YES_ERROR;
				CLANG_WARN_EMPTY_BODY = YES;
				CLANG_WARN_ENUM_CONVERSION = YES;
				CLANG_WARN_INT_CONVERSION = YES;
				CLANG_WARN_OBJC_ROOT_CLASS = YES_ERROR;
				CLANG_WARN_UNREACHABLE_CODE = YES;
				CLANG_WARN__DUPLICATE_METHOD_MATCH = YES;
				"CODE_SIGN_IDENTITY[sdk=iphoneos*]" = "iPhone Developer";
				COPY_PHASE_STRIP = NO;
				DEBUG_INFORMATION_FORMAT = dwarf;
				ENABLE_STRICT_OBJC_MSGSEND = YES;
				ENABLE_TESTABILITY = YES;
				GCC_C_LANGUAGE_STANDARD = gnu99;
				GCC_DYNAMIC_NO_PIC = NO;
				GCC_NO_COMMON_BLOCKS = YES;
				GCC_OPTIMIZATION_LEVEL = 0;
				GCC_PREPROCESSOR_DEFINITIONS = (
					"DEBUG=1",
					"$(inherited)",
				);
				GCC_WARN_64_TO_32_BIT_CONVERSION = YES;
				GCC_WARN_ABOUT_RETURN_TYPE = YES_ERROR;
				GCC_WARN_UNDECLARED_SELECTOR = YES;
				GCC_WARN_UNINITIALIZED_AUTOS = YES_AGGRESSIVE;
				GCC_WARN_UNUSED_FUNCTION = YES;
				GCC_WARN_UNUSED_VARIABLE = YES;
				IPHONEOS_DEPLOYMENT_TARGET = 9.3;
				MTL_ENABLE_DEBUG_INFO = YES;
				ONLY_ACTIVE_ARCH = YES;
				SDKROOT = iphoneos;
				SWIFT_OPTIMIZATION_LEVEL = "-Onone";
				TARGETED_DEVICE_FAMILY = "1,2";
			};
			name = Debug;
		};
		9AC01BCB1CADA4CD00D787CE /* Release */ = {
			isa = XCBuildConfiguration;
			buildSettings = {
				ALWAYS_SEARCH_USER_PATHS = NO;
				CLANG_ANALYZER_NONNULL = YES;
				CLANG_CXX_LANGUAGE_STANDARD = "gnu++0x";
				CLANG_CXX_LIBRARY = "libc++";
				CLANG_ENABLE_MODULES = YES;
				CLANG_ENABLE_OBJC_ARC = YES;
				CLANG_WARN_BOOL_CONVERSION = YES;
				CLANG_WARN_CONSTANT_CONVERSION = YES;
				CLANG_WARN_DIRECT_OBJC_ISA_USAGE = YES_ERROR;
				CLANG_WARN_EMPTY_BODY = YES;
				CLANG_WARN_ENUM_CONVERSION = YES;
				CLANG_WARN_INT_CONVERSION = YES;
				CLANG_WARN_OBJC_ROOT_CLASS = YES_ERROR;
				CLANG_WARN_UNREACHABLE_CODE = YES;
				CLANG_WARN__DUPLICATE_METHOD_MATCH = YES;
				"CODE_SIGN_IDENTITY[sdk=iphoneos*]" = "iPhone Developer";
				COPY_PHASE_STRIP = NO;
				DEBUG_INFORMATION_FORMAT = "dwarf-with-dsym";
				ENABLE_NS_ASSERTIONS = NO;
				ENABLE_STRICT_OBJC_MSGSEND = YES;
				GCC_C_LANGUAGE_STANDARD = gnu99;
				GCC_NO_COMMON_BLOCKS = YES;
				GCC_WARN_64_TO_32_BIT_CONVERSION = YES;
				GCC_WARN_ABOUT_RETURN_TYPE = YES_ERROR;
				GCC_WARN_UNDECLARED_SELECTOR = YES;
				GCC_WARN_UNINITIALIZED_AUTOS = YES_AGGRESSIVE;
				GCC_WARN_UNUSED_FUNCTION = YES;
				GCC_WARN_UNUSED_VARIABLE = YES;
				IPHONEOS_DEPLOYMENT_TARGET = 9.3;
				MTL_ENABLE_DEBUG_INFO = NO;
				SDKROOT = iphoneos;
				TARGETED_DEVICE_FAMILY = "1,2";
				VALIDATE_PRODUCT = YES;
			};
			name = Release;
		};
		9AC01BCD1CADA4CD00D787CE /* Debug */ = {
			isa = XCBuildConfiguration;
			buildSettings = {
				ASSETCATALOG_COMPILER_APPICON_NAME = AppIcon;
				INFOPLIST_FILE = PaceGuide/Info.plist;
				LD_RUNPATH_SEARCH_PATHS = "$(inherited) @executable_path/Frameworks";
				PRODUCT_BUNDLE_IDENTIFIER = com.karinabercan.PaceGuide;
				PRODUCT_NAME = "$(TARGET_NAME)";
			};
			name = Debug;
		};
		9AC01BCE1CADA4CD00D787CE /* Release */ = {
			isa = XCBuildConfiguration;
			buildSettings = {
				ASSETCATALOG_COMPILER_APPICON_NAME = AppIcon;
				INFOPLIST_FILE = PaceGuide/Info.plist;
				LD_RUNPATH_SEARCH_PATHS = "$(inherited) @executable_path/Frameworks";
				PRODUCT_BUNDLE_IDENTIFIER = com.karinabercan.PaceGuide;
				PRODUCT_NAME = "$(TARGET_NAME)";
			};
			name = Release;
		};
/* End XCBuildConfiguration section */

/* Begin XCConfigurationList section */
		9AC01BB51CADA4CD00D787CE /* Build configuration list for PBXProject "PaceGuide" */ = {
			isa = XCConfigurationList;
			buildConfigurations = (
				9AC01BCA1CADA4CD00D787CE /* Debug */,
				9AC01BCB1CADA4CD00D787CE /* Release */,
			);
			defaultConfigurationIsVisible = 0;
			defaultConfigurationName = Release;
		};
		9AC01BCC1CADA4CD00D787CE /* Build configuration list for PBXNativeTarget "PaceGuide" */ = {
			isa = XCConfigurationList;
			buildConfigurations = (
				9AC01BCD1CADA4CD00D787CE /* Debug */,
				9AC01BCE1CADA4CD00D787CE /* Release */,
			);
			defaultConfigurationIsVisible = 0;
			defaultConfigurationName = Release;
		};
/* End XCConfigurationList section */
	};
	rootObject = 9AC01BB21CADA4CD00D787CE /* Project object */;
}
